// !$*UTF8*$!
{
	archiveVersion = 1;
	classes = {
	};
	objectVersion = 50;
	objects = {

/* Begin PBXBuildFile section */
		7F0460FE25522F6B003083EE /* DetailsTableViewController.swift in Sources */ = {isa = PBXBuildFile; fileRef = 7F0460FD25522F6B003083EE /* DetailsTableViewController.swift */; };
		7F0461012552A268003083EE /* PersonDetailViewController.swift in Sources */ = {isa = PBXBuildFile; fileRef = 7F0461002552A268003083EE /* PersonDetailViewController.swift */; };
		7F0461042552C41C003083EE /* DataManager.swift in Sources */ = {isa = PBXBuildFile; fileRef = 7F0461032552C41C003083EE /* DataManager.swift */; };
		7F3229852551E8E2000D4C18 /* AppDelegate.swift in Sources */ = {isa = PBXBuildFile; fileRef = 7F3229842551E8E2000D4C18 /* AppDelegate.swift */; };
		7F3229872551E8E2000D4C18 /* SceneDelegate.swift in Sources */ = {isa = PBXBuildFile; fileRef = 7F3229862551E8E2000D4C18 /* SceneDelegate.swift */; };
		7F32298C2551E8E2000D4C18 /* Main.storyboard in Resources */ = {isa = PBXBuildFile; fileRef = 7F32298A2551E8E2000D4C18 /* Main.storyboard */; };
		7F32298E2551E8E5000D4C18 /* Assets.xcassets in Resources */ = {isa = PBXBuildFile; fileRef = 7F32298D2551E8E5000D4C18 /* Assets.xcassets */; };
		7F3229912551E8E5000D4C18 /* LaunchScreen.storyboard in Resources */ = {isa = PBXBuildFile; fileRef = 7F32298F2551E8E5000D4C18 /* LaunchScreen.storyboard */; };
		7F3229A22551EA59000D4C18 /* PersonTableViewController.swift in Sources */ = {isa = PBXBuildFile; fileRef = 7F3229A12551EA59000D4C18 /* PersonTableViewController.swift */; };
		7F3229A62551F883000D4C18 /* person.swift in Sources */ = {isa = PBXBuildFile; fileRef = 7F3229A52551F883000D4C18 /* person.swift */; };
/* End PBXBuildFile section */

/* Begin PBXFileReference section */
		7F0460FD25522F6B003083EE /* DetailsTableViewController.swift */ = {isa = PBXFileReference; lastKnownFileType = sourcecode.swift; path = DetailsTableViewController.swift; sourceTree = "<group>"; };
		7F0461002552A268003083EE /* PersonDetailViewController.swift */ = {isa = PBXFileReference; lastKnownFileType = sourcecode.swift; path = PersonDetailViewController.swift; sourceTree = "<group>"; };
		7F0461032552C41C003083EE /* DataManager.swift */ = {isa = PBXFileReference; lastKnownFileType = sourcecode.swift; path = DataManager.swift; sourceTree = "<group>"; };
		7F3229812551E8E1000D4C18 /* HW7.app */ = {isa = PBXFileReference; explicitFileType = wrapper.application; includeInIndex = 0; path = HW7.app; sourceTree = BUILT_PRODUCTS_DIR; };
		7F3229842551E8E2000D4C18 /* AppDelegate.swift */ = {isa = PBXFileReference; lastKnownFileType = sourcecode.swift; path = AppDelegate.swift; sourceTree = "<group>"; };
		7F3229862551E8E2000D4C18 /* SceneDelegate.swift */ = {isa = PBXFileReference; lastKnownFileType = sourcecode.swift; path = SceneDelegate.swift; sourceTree = "<group>"; };
		7F32298B2551E8E2000D4C18 /* Base */ = {isa = PBXFileReference; lastKnownFileType = file.storyboard; name = Base; path = Base.lproj/Main.storyboard; sourceTree = "<group>"; };
		7F32298D2551E8E5000D4C18 /* Assets.xcassets */ = {isa = PBXFileReference; lastKnownFileType = folder.assetcatalog; path = Assets.xcassets; sourceTree = "<group>"; };
		7F3229902551E8E5000D4C18 /* Base */ = {isa = PBXFileReference; lastKnownFileType = file.storyboard; name = Base; path = Base.lproj/LaunchScreen.storyboard; sourceTree = "<group>"; };
		7F3229922551E8E5000D4C18 /* Info.plist */ = {isa = PBXFileReference; lastKnownFileType = text.plist.xml; path = Info.plist; sourceTree = "<group>"; };
		7F3229A12551EA59000D4C18 /* PersonTableViewController.swift */ = {isa = PBXFileReference; lastKnownFileType = sourcecode.swift; path = PersonTableViewController.swift; sourceTree = "<group>"; };
		7F3229A52551F883000D4C18 /* person.swift */ = {isa = PBXFileReference; lastKnownFileType = sourcecode.swift; path = person.swift; sourceTree = "<group>"; };
/* End PBXFileReference section */

/* Begin PBXFrameworksBuildPhase section */
		7F32297E2551E8E1000D4C18 /* Frameworks */ = {
			isa = PBXFrameworksBuildPhase;
			buildActionMask = 2147483647;
			files = (
			);
			runOnlyForDeploymentPostprocessing = 0;
		};
/* End PBXFrameworksBuildPhase section */

/* Begin PBXGroup section */
		7F3229782551E8E1000D4C18 = {
			isa = PBXGroup;
			children = (
				7F3229832551E8E1000D4C18 /* HW7 */,
				7F3229822551E8E1000D4C18 /* Products */,
			);
			sourceTree = "<group>";
		};
		7F3229822551E8E1000D4C18 /* Products */ = {
			isa = PBXGroup;
			children = (
				7F3229812551E8E1000D4C18 /* HW7.app */,
			);
			name = Products;
			sourceTree = "<group>";
		};
		7F3229832551E8E1000D4C18 /* HW7 */ = {
			isa = PBXGroup;
			children = (
				7F3229A42551F865000D4C18 /* Model */,
				7F32299E2551E984000D4C18 /* ViewController */,
				7F32299C2551E95C000D4C18 /* StoryBoard */,
				7F32298D2551E8E5000D4C18 /* Assets.xcassets */,
				7F3229992551E8EE000D4C18 /* System */,
			);
			path = HW7;
			sourceTree = "<group>";
		};
		7F3229992551E8EE000D4C18 /* System */ = {
			isa = PBXGroup;
			children = (
				7F3229862551E8E2000D4C18 /* SceneDelegate.swift */,
				7F3229842551E8E2000D4C18 /* AppDelegate.swift */,
				7F3229922551E8E5000D4C18 /* Info.plist */,
				7F0461032552C41C003083EE /* DataManager.swift */,
			);
			path = System;
			sourceTree = "<group>";
		};
		7F32299C2551E95C000D4C18 /* StoryBoard */ = {
			isa = PBXGroup;
			children = (
				7F32298A2551E8E2000D4C18 /* Main.storyboard */,
				7F32298F2551E8E5000D4C18 /* LaunchScreen.storyboard */,
			);
			path = StoryBoard;
			sourceTree = "<group>";
		};
		7F32299E2551E984000D4C18 /* ViewController */ = {
			isa = PBXGroup;
			children = (
				7F3229A12551EA59000D4C18 /* PersonTableViewController.swift */,
				7F0460FD25522F6B003083EE /* DetailsTableViewController.swift */,
				7F0461002552A268003083EE /* PersonDetailViewController.swift */,
			);
			path = ViewController;
			sourceTree = "<group>";
		};
		7F3229A42551F865000D4C18 /* Model */ = {
			isa = PBXGroup;
			children = (
				7F3229A52551F883000D4C18 /* person.swift */,
			);
			path = Model;
			sourceTree = "<group>";
		};
/* End PBXGroup section */

/* Begin PBXNativeTarget section */
		7F3229802551E8E1000D4C18 /* HW7 */ = {
			isa = PBXNativeTarget;
			buildConfigurationList = 7F3229952551E8E5000D4C18 /* Build configuration list for PBXNativeTarget "HW7" */;
			buildPhases = (
				7F32297D2551E8E1000D4C18 /* Sources */,
				7F32297E2551E8E1000D4C18 /* Frameworks */,
				7F32297F2551E8E1000D4C18 /* Resources */,
			);
			buildRules = (
			);
			dependencies = (
			);
			name = HW7;
			productName = HW7;
			productReference = 7F3229812551E8E1000D4C18 /* HW7.app */;
			productType = "com.apple.product-type.application";
		};
/* End PBXNativeTarget section */

/* Begin PBXProject section */
		7F3229792551E8E1000D4C18 /* Project object */ = {
			isa = PBXProject;
			attributes = {
				LastSwiftUpdateCheck = 1210;
				LastUpgradeCheck = 1210;
				TargetAttributes = {
					7F3229802551E8E1000D4C18 = {
						CreatedOnToolsVersion = 12.1;
					};
				};
			};
			buildConfigurationList = 7F32297C2551E8E1000D4C18 /* Build configuration list for PBXProject "HW7" */;
			compatibilityVersion = "Xcode 9.3";
			developmentRegion = en;
			hasScannedForEncodings = 0;
			knownRegions = (
				en,
				Base,
			);
			mainGroup = 7F3229782551E8E1000D4C18;
			productRefGroup = 7F3229822551E8E1000D4C18 /* Products */;
			projectDirPath = "";
			projectRoot = "";
			targets = (
				7F3229802551E8E1000D4C18 /* HW7 */,
			);
		};
/* End PBXProject section */

/* Begin PBXResourcesBuildPhase section */
		7F32297F2551E8E1000D4C18 /* Resources */ = {
			isa = PBXResourcesBuildPhase;
			buildActionMask = 2147483647;
			files = (
				7F3229912551E8E5000D4C18 /* LaunchScreen.storyboard in Resources */,
				7F32298E2551E8E5000D4C18 /* Assets.xcassets in Resources */,
				7F32298C2551E8E2000D4C18 /* Main.storyboard in Resources */,
			);
			runOnlyForDeploymentPostprocessing = 0;
		};
/* End PBXResourcesBuildPhase section */

/* Begin PBXSourcesBuildPhase section */
		7F32297D2551E8E1000D4C18 /* Sources */ = {
			isa = PBXSourcesBuildPhase;
			buildActionMask = 2147483647;
			files = (
				7F3229852551E8E2000D4C18 /* AppDelegate.swift in Sources */,
				7F0460FE25522F6B003083EE /* DetailsTableViewController.swift in Sources */,
				7F0461012552A268003083EE /* PersonDetailViewController.swift in Sources */,
				7F0461042552C41C003083EE /* DataManager.swift in Sources */,
				7F3229872551E8E2000D4C18 /* SceneDelegate.swift in Sources */,
				7F3229A62551F883000D4C18 /* person.swift in Sources */,
				7F3229A22551EA59000D4C18 /* PersonTableViewController.swift in Sources */,
			);
			runOnlyForDeploymentPostprocessing = 0;
		};
/* End PBXSourcesBuildPhase section */

/* Begin PBXVariantGroup section */
		7F32298A2551E8E2000D4C18 /* Main.storyboard */ = {
			isa = PBXVariantGroup;
			children = (
				7F32298B2551E8E2000D4C18 /* Base */,
			);
			name = Main.storyboard;
			sourceTree = "<group>";
		};
		7F32298F2551E8E5000D4C18 /* LaunchScreen.storyboard */ = {
			isa = PBXVariantGroup;
			children = (
				7F3229902551E8E5000D4C18 /* Base */,
			);
			name = LaunchScreen.storyboard;
			sourceTree = "<group>";
		};
/* End PBXVariantGroup section */

/* Begin XCBuildConfiguration section */
		7F3229932551E8E5000D4C18 /* Debug */ = {
			isa = XCBuildConfiguration;
			buildSettings = {
				ALWAYS_SEARCH_USER_PATHS = NO;
				CLANG_ANALYZER_NONNULL = YES;
				CLANG_ANALYZER_NUMBER_OBJECT_CONVERSION = YES_AGGRESSIVE;
				CLANG_CXX_LANGUAGE_STANDARD = "gnu++14";
				CLANG_CXX_LIBRARY = "libc++";
				CLANG_ENABLE_MODULES = YES;
				CLANG_ENABLE_OBJC_ARC = YES;
				CLANG_ENABLE_OBJC_WEAK = YES;
				CLANG_WARN_BLOCK_CAPTURE_AUTORELEASING = YES;
				CLANG_WARN_BOOL_CONVERSION = YES;
				CLANG_WARN_COMMA = YES;
				CLANG_WARN_CONSTANT_CONVERSION = YES;
				CLANG_WARN_DEPRECATED_OBJC_IMPLEMENTATIONS = YES;
				CLANG_WARN_DIRECT_OBJC_ISA_USAGE = YES_ERROR;
				CLANG_WARN_DOCUMENTATION_COMMENTS = YES;
				CLANG_WARN_EMPTY_BODY = YES;
				CLANG_WARN_ENUM_CONVERSION = YES;
				CLANG_WARN_INFINITE_RECURSION = YES;
				CLANG_WARN_INT_CONVERSION = YES;
				CLANG_WARN_NON_LITERAL_NULL_CONVERSION = YES;
				CLANG_WARN_OBJC_IMPLICIT_RETAIN_SELF = YES;
				CLANG_WARN_OBJC_LITERAL_CONVERSION = YES;
				CLANG_WARN_OBJC_ROOT_CLASS = YES_ERROR;
				CLANG_WARN_QUOTED_INCLUDE_IN_FRAMEWORK_HEADER = YES;
				CLANG_WARN_RANGE_LOOP_ANALYSIS = YES;
				CLANG_WARN_STRICT_PROTOTYPES = YES;
				CLANG_WARN_SUSPICIOUS_MOVE = YES;
				CLANG_WARN_UNGUARDED_AVAILABILITY = YES_AGGRESSIVE;
				CLANG_WARN_UNREACHABLE_CODE = YES;
				CLANG_WARN__DUPLICATE_METHOD_MATCH = YES;
				COPY_PHASE_STRIP = NO;
				DEBUG_INFORMATION_FORMAT = dwarf;
				ENABLE_STRICT_OBJC_MSGSEND = YES;
				ENABLE_TESTABILITY = YES;
				GCC_C_LANGUAGE_STANDARD = gnu11;
				GCC_DYNAMIC_NO_PIC = NO;
				GCC_NO_COMMON_BLOCKS = YES;
				GCC_OPTIMIZATION_LEVEL = 0;
				GCC_PREPROCESSOR_DEFINITIONS = (
					"DEBUG=1",
					"$(inherited)",
				);
				GCC_WARN_64_TO_32_BIT_CONVERSION = YES;
				GCC_WARN_ABOUT_RETURN_TYPE = YES_ERROR;
				GCC_WARN_UNDECLARED_SELECTOR = YES;
				GCC_WARN_UNINITIALIZED_AUTOS = YES_AGGRESSIVE;
				GCC_WARN_UNUSED_FUNCTION = YES;
				GCC_WARN_UNUSED_VARIABLE = YES;
				IPHONEOS_DEPLOYMENT_TARGET = 14.1;
				MTL_ENABLE_DEBUG_INFO = INCLUDE_SOURCE;
				MTL_FAST_MATH = YES;
				ONLY_ACTIVE_ARCH = YES;
				SDKROOT = iphoneos;
				SWIFT_ACTIVE_COMPILATION_CONDITIONS = DEBUG;
				SWIFT_OPTIMIZATION_LEVEL = "-Onone";
			};
			name = Debug;
		};
		7F3229942551E8E5000D4C18 /* Release */ = {
			isa = XCBuildConfiguration;
			buildSettings = {
				ALWAYS_SEARCH_USER_PATHS = NO;
				CLANG_ANALYZER_NONNULL = YES;
				CLANG_ANALYZER_NUMBER_OBJECT_CONVERSION = YES_AGGRESSIVE;
				CLANG_CXX_LANGUAGE_STANDARD = "gnu++14";
				CLANG_CXX_LIBRARY = "libc++";
				CLANG_ENABLE_MODULES = YES;
				CLANG_ENABLE_OBJC_ARC = YES;
				CLANG_ENABLE_OBJC_WEAK = YES;
				CLANG_WARN_BLOCK_CAPTURE_AUTORELEASING = YES;
				CLANG_WARN_BOOL_CONVERSION = YES;
				CLANG_WARN_COMMA = YES;
				CLANG_WARN_CONSTANT_CONVERSION = YES;
				CLANG_WARN_DEPRECATED_OBJC_IMPLEMENTATIONS = YES;
				CLANG_WARN_DIRECT_OBJC_ISA_USAGE = YES_ERROR;
				CLANG_WARN_DOCUMENTATION_COMMENTS = YES;
				CLANG_WARN_EMPTY_BODY = YES;
				CLANG_WARN_ENUM_CONVERSION = YES;
				CLANG_WARN_INFINITE_RECURSION = YES;
				CLANG_WARN_INT_CONVERSION = YES;
				CLANG_WARN_NON_LITERAL_NULL_CONVERSION = YES;
				CLANG_WARN_OBJC_IMPLICIT_RETAIN_SELF = YES;
				CLANG_WARN_OBJC_LITERAL_CONVERSION = YES;
				CLANG_WARN_OBJC_ROOT_CLASS = YES_ERROR;
				CLANG_WARN_QUOTED_INCLUDE_IN_FRAMEWORK_HEADER = YES;
				CLANG_WARN_RANGE_LOOP_ANALYSIS = YES;
				CLANG_WARN_STRICT_PROTOTYPES = YES;
				CLANG_WARN_SUSPICIOUS_MOVE = YES;
				CLANG_WARN_UNGUARDED_AVAILABILITY = YES_AGGRESSIVE;
				CLANG_WARN_UNREACHABLE_CODE = YES;
				CLANG_WARN__DUPLICATE_METHOD_MATCH = YES;
				COPY_PHASE_STRIP = NO;
				DEBUG_INFORMATION_FORMAT = "dwarf-with-dsym";
				ENABLE_NS_ASSERTIONS = NO;
				ENABLE_STRICT_OBJC_MSGSEND = YES;
				GCC_C_LANGUAGE_STANDARD = gnu11;
				GCC_NO_COMMON_BLOCKS = YES;
				GCC_WARN_64_TO_32_BIT_CONVERSION = YES;
				GCC_WARN_ABOUT_RETURN_TYPE = YES_ERROR;
				GCC_WARN_UNDECLARED_SELECTOR = YES;
				GCC_WARN_UNINITIALIZED_AUTOS = YES_AGGRESSIVE;
				GCC_WARN_UNUSED_FUNCTION = YES;
				GCC_WARN_UNUSED_VARIABLE = YES;
				IPHONEOS_DEPLOYMENT_TARGET = 14.1;
				MTL_ENABLE_DEBUG_INFO = NO;
				MTL_FAST_MATH = YES;
				SDKROOT = iphoneos;
				SWIFT_COMPILATION_MODE = wholemodule;
				SWIFT_OPTIMIZATION_LEVEL = "-O";
				VALIDATE_PRODUCT = YES;
			};
			name = Release;
		};
		7F3229962551E8E5000D4C18 /* Debug */ = {
			isa = XCBuildConfiguration;
			buildSettings = {
				ASSETCATALOG_COMPILER_APPICON_NAME = AppIcon;
				ASSETCATALOG_COMPILER_GLOBAL_ACCENT_COLOR_NAME = AccentColor;
				CODE_SIGN_STYLE = Automatic;
				DEVELOPMENT_TEAM = WM9XM3NC73;
				INFOPLIST_FILE = HW7/System/Info.plist;
				LD_RUNPATH_SEARCH_PATHS = (
					"$(inherited)",
					"@executable_path/Frameworks",
				);
				PRODUCT_BUNDLE_IDENTIFIER = "Tokarev-Dmitry.HW7";
				PRODUCT_NAME = "$(TARGET_NAME)";
				SWIFT_VERSION = 5.0;
				TARGETED_DEVICE_FAMILY = "1,2";
			};
			name = Debug;
		};
		7F3229972551E8E5000D4C18 /* Release */ = {
			isa = XCBuildConfiguration;
			buildSettings = {
				ASSETCATALOG_COMPILER_APPICON_NAME = AppIcon;
				ASSETCATALOG_COMPILER_GLOBAL_ACCENT_COLOR_NAME = AccentColor;
				CODE_SIGN_STYLE = Automatic;
				DEVELOPMENT_TEAM = WM9XM3NC73;
				INFOPLIST_FILE = HW7/System/Info.plist;
				LD_RUNPATH_SEARCH_PATHS = (
					"$(inherited)",
					"@executable_path/Frameworks",
				);
				PRODUCT_BUNDLE_IDENTIFIER = "Tokarev-Dmitry.HW7";
				PRODUCT_NAME = "$(TARGET_NAME)";
				SWIFT_VERSION = 5.0;
				TARGETED_DEVICE_FAMILY = "1,2";
			};
			name = Release;
		};
/* End XCBuildConfiguration section */

/* Begin XCConfigurationList section */
		7F32297C2551E8E1000D4C18 /* Build configuration list for PBXProject "HW7" */ = {
			isa = XCConfigurationList;
			buildConfigurations = (
				7F3229932551E8E5000D4C18 /* Debug */,
				7F3229942551E8E5000D4C18 /* Release */,
			);
			defaultConfigurationIsVisible = 0;
			defaultConfigurationName = Release;
		};
		7F3229952551E8E5000D4C18 /* Build configuration list for PBXNativeTarget "HW7" */ = {
			isa = XCConfigurationList;
			buildConfigurations = (
				7F3229962551E8E5000D4C18 /* Debug */,
				7F3229972551E8E5000D4C18 /* Release */,
			);
			defaultConfigurationIsVisible = 0;
			defaultConfigurationName = Release;
		};
/* End XCConfigurationList section */
	};
	rootObject = 7F3229792551E8E1000D4C18 /* Project object */;
}
